<?xml version="1.0" encoding="utf-8"?>
<Project ToolsVersion="15.0" xmlns="http://schemas.microsoft.com/developer/msbuild/2003">
  <ItemGroup>
    <ClCompile Include="C:\GitRepository\ARToolKitX\Source\ARX\ARG\arg.c">
      <Filter>Source Files</Filter>
    </ClCompile>
    <ClCompile Include="C:\GitRepository\ARToolKitX\Source\ARX\ARG\arg_gl.c">
      <Filter>Source Files</Filter>
    </ClCompile>
    <ClCompile Include="C:\GitRepository\ARToolKitX\Source\ARX\ARG\arg_gles2.c">
      <Filter>Source Files</Filter>
    </ClCompile>
    <ClCompile Include="C:\GitRepository\ARToolKitX\Source\ARX\ARG\arg_gl3.c">
      <Filter>Source Files</Filter>
    </ClCompile>
    <ClCompile Include="C:\GitRepository\ARToolKitX\Source\ARX\ARG\mtx.c">
      <Filter>Source Files</Filter>
    </ClCompile>
    <ClCompile Include="C:\GitRepository\ARToolKitX\Source\ARX\ARG\glStateCache2.c">
      <Filter>Source Files</Filter>
    </ClCompile>
    <ClCompile Include="C:\GitRepository\ARToolKitX\Source\ARX\ARG\shader_gl.c">
      <Filter>Source Files</Filter>
    </ClCompile>
  </ItemGroup>
  <ItemGroup>
    <ClInclude Include="C:\GitRepository\ARToolKitX\Source\ARX\ARG\include\ARX\ARG\arg.h">
      <Filter>Header Files</Filter>
    </ClInclude>
    <ClInclude Include="C:\GitRepository\ARToolKitX\Source\ARX\ARG\include\ARX\ARG\mtx.h">
      <Filter>Header Files</Filter>
    </ClInclude>
    <ClInclude Include="C:\GitRepository\ARToolKitX\Source\ARX\ARG\include\ARX\ARG\glStateCache2.h">
      <Filter>Header Files</Filter>
    </ClInclude>
    <ClInclude Include="C:\GitRepository\ARToolKitX\Source\ARX\ARG\include\ARX\ARG\shader_gl.h">
      <Filter>Header Files</Filter>
    </ClInclude>
    <ClInclude Include="C:\GitRepository\ARToolKitX\Source\ARX\ARG\arg_private.h">
      <Filter>Header Files</Filter>
    </ClInclude>
    <ClInclude Include="C:\GitRepository\ARToolKitX\Source\ARX\ARG\arg_gl.h">
      <Filter>Header Files</Filter>
    </ClInclude>
    <ClInclude Include="C:\GitRepository\ARToolKitX\Source\ARX\ARG\arg_gles2.h">
      <Filter>Header Files</Filter>
    </ClInclude>
    <ClInclude Include="C:\GitRepository\ARToolKitX\Source\ARX\ARG\arg_gl3.h">
      <Filter>Header Files</Filter>
    </ClInclude>
  </ItemGroup>
  <ItemGroup>
    <CustomBuild Include="C:\GitRepository\ARToolKitX\Source\ARX\ARG\CMakeLists.txt" />
  </ItemGroup>
  <ItemGroup>
    <Filter Include="Header Files">
      <UniqueIdentifier>{8CC99DD6-CA90-3735-8048-3264C2738BFE}</UniqueIdentifier>
    </Filter>
    <Filter Include="Source Files">
      <UniqueIdentifier>{54BFDDAD-6E81-3654-BB53-145A063123BD}</UniqueIdentifier>
    </Filter>
  </ItemGroup>
</Project>
