<?xml version="1.0" encoding="utf-8"?>
<Project ToolsVersion="15.0" xmlns="http://schemas.microsoft.com/developer/msbuild/2003">
  <ItemGroup>
    <ClCompile Include="C:\GitRepository\ARToolKitX\Source\ARX\AR2\coord.c">
      <Filter>Source Files</Filter>
    </ClCompile>
    <ClCompile Include="C:\GitRepository\ARToolKitX\Source\ARX\AR2\featureMap.c">
      <Filter>Source Files</Filter>
    </ClCompile>
    <ClCompile Include="C:\GitRepository\ARToolKitX\Source\ARX\AR2\featureSet.c">
      <Filter>Source Files</Filter>
    </ClCompile>
    <ClCompile Include="C:\GitRepository\ARToolKitX\Source\ARX\AR2\handle.c">
      <Filter>Source Files</Filter>
    </ClCompile>
    <ClCompile Include="C:\GitRepository\ARToolKitX\Source\ARX\AR2\imageSet.c">
      <Filter>Source Files</Filter>
    </ClCompile>
    <ClCompile Include="C:\GitRepository\ARToolKitX\Source\ARX\AR2\jpeg.c">
      <Filter>Source Files</Filter>
    </ClCompile>
    <ClCompile Include="C:\GitRepository\ARToolKitX\Source\ARX\AR2\marker.c">
      <Filter>Source Files</Filter>
    </ClCompile>
    <ClCompile Include="C:\GitRepository\ARToolKitX\Source\ARX\AR2\matching.c">
      <Filter>Source Files</Filter>
    </ClCompile>
    <ClCompile Include="C:\GitRepository\ARToolKitX\Source\ARX\AR2\matching2.c">
      <Filter>Source Files</Filter>
    </ClCompile>
    <ClCompile Include="C:\GitRepository\ARToolKitX\Source\ARX\AR2\searchPoint.c">
      <Filter>Source Files</Filter>
    </ClCompile>
    <ClCompile Include="C:\GitRepository\ARToolKitX\Source\ARX\AR2\selectTemplate.c">
      <Filter>Source Files</Filter>
    </ClCompile>
    <ClCompile Include="C:\GitRepository\ARToolKitX\Source\ARX\AR2\surface.c">
      <Filter>Source Files</Filter>
    </ClCompile>
    <ClCompile Include="C:\GitRepository\ARToolKitX\Source\ARX\AR2\template.c">
      <Filter>Source Files</Filter>
    </ClCompile>
    <ClCompile Include="C:\GitRepository\ARToolKitX\Source\ARX\AR2\tracking.c">
      <Filter>Source Files</Filter>
    </ClCompile>
    <ClCompile Include="C:\GitRepository\ARToolKitX\Source\ARX\AR2\tracking2d.c">
      <Filter>Source Files</Filter>
    </ClCompile>
    <ClCompile Include="C:\GitRepository\ARToolKitX\Source\ARX\AR2\util.c">
      <Filter>Source Files</Filter>
    </ClCompile>
  </ItemGroup>
  <ItemGroup>
    <ClInclude Include="C:\GitRepository\ARToolKitX\Source\ARX\AR2\include\ARX\AR2\config.h">
      <Filter>Header Files</Filter>
    </ClInclude>
    <ClInclude Include="C:\GitRepository\ARToolKitX\Source\ARX\AR2\include\ARX\AR2\coord.h">
      <Filter>Header Files</Filter>
    </ClInclude>
    <ClInclude Include="C:\GitRepository\ARToolKitX\Source\ARX\AR2\include\ARX\AR2\featureSet.h">
      <Filter>Header Files</Filter>
    </ClInclude>
    <ClInclude Include="C:\GitRepository\ARToolKitX\Source\ARX\AR2\include\ARX\AR2\imageFormat.h">
      <Filter>Header Files</Filter>
    </ClInclude>
    <ClInclude Include="C:\GitRepository\ARToolKitX\Source\ARX\AR2\include\ARX\AR2\imageSet.h">
      <Filter>Header Files</Filter>
    </ClInclude>
    <ClInclude Include="C:\GitRepository\ARToolKitX\Source\ARX\AR2\include\ARX\AR2\marker.h">
      <Filter>Header Files</Filter>
    </ClInclude>
    <ClInclude Include="C:\GitRepository\ARToolKitX\Source\ARX\AR2\include\ARX\AR2\searchPoint.h">
      <Filter>Header Files</Filter>
    </ClInclude>
    <ClInclude Include="C:\GitRepository\ARToolKitX\Source\ARX\AR2\include\ARX\AR2\template.h">
      <Filter>Header Files</Filter>
    </ClInclude>
    <ClInclude Include="C:\GitRepository\ARToolKitX\Source\ARX\AR2\include\ARX\AR2\tracking.h">
      <Filter>Header Files</Filter>
    </ClInclude>
    <ClInclude Include="C:\GitRepository\ARToolKitX\Source\ARX\AR2\include\ARX\AR2\util.h">
      <Filter>Header Files</Filter>
    </ClInclude>
  </ItemGroup>
  <ItemGroup>
    <CustomBuild Include="C:\GitRepository\ARToolKitX\Source\ARX\AR2\CMakeLists.txt" />
  </ItemGroup>
  <ItemGroup>
    <Filter Include="Header Files">
      <UniqueIdentifier>{8CC99DD6-CA90-3735-8048-3264C2738BFE}</UniqueIdentifier>
    </Filter>
    <Filter Include="Source Files">
      <UniqueIdentifier>{54BFDDAD-6E81-3654-BB53-145A063123BD}</UniqueIdentifier>
    </Filter>
  </ItemGroup>
</Project>
