Microsoft Visual Studio Solution File, Format Version 12.00
# Visual Studio 15
Project("{8BC9CEB8-8B4A-11D0-8D11-00A0C91BC942}") = "ALL_BUILD", "ALL_BUILD.vcxproj", "{EA96320A-30C4-384D-BA3F-D23B5390593A}"
	ProjectSection(ProjectDependencies) = postProject
		{595B013F-D71F-32C6-9599-332AB55AB5EC} = {595B013F-D71F-32C6-9599-332AB55AB5EC}
		{D4EDA230-D35D-37B6-8350-0E556F74BB41} = {D4EDA230-D35D-37B6-8350-0E556F74BB41}
		{A860797E-CB88-30D6-8910-67E505BEEA63} = {A860797E-CB88-30D6-8910-67E505BEEA63}
		{E14CB821-684D-3331-BABA-684C0C7704CB} = {E14CB821-684D-3331-BABA-684C0C7704CB}
		{7711D6EA-9491-3F15-9DD2-B0625343F417} = {7711D6EA-9491-3F15-9DD2-B0625343F417}
		{7A2C5C39-584C-3A53-BC96-0C310D69E6BD} = {7A2C5C39-584C-3A53-BC96-0C310D69E6BD}
		{1EFDBD3F-E813-3F28-8566-399BD13FFD64} = {1EFDBD3F-E813-3F28-8566-399BD13FFD64}
		{EC5E30EA-E308-3AE1-B3C7-966674755B61} = {EC5E30EA-E308-3AE1-B3C7-966674755B61}
		{B5FCC40D-9D85-3B82-933B-1D6D3288B30D} = {B5FCC40D-9D85-3B82-933B-1D6D3288B30D}
		{DCDFBAB4-67B3-33F1-B57C-F66914B332ED} = {DCDFBAB4-67B3-33F1-B57C-F66914B332ED}
		{43A28345-9946-35C6-B8B9-492A77569CBF} = {43A28345-9946-35C6-B8B9-492A77569CBF}
		{E38E63E0-56D5-3A4A-B33A-9AC2A198A65A} = {E38E63E0-56D5-3A4A-B33A-9AC2A198A65A}
		{AF1D9FB2-6013-3F93-A522-B98E36E2F582} = {AF1D9FB2-6013-3F93-A522-B98E36E2F582}
		{9678F041-4FB0-3E36-9169-106ABA390395} = {9678F041-4FB0-3E36-9169-106ABA390395}
		{8A7F7F07-07C9-3936-9674-7FF14ADE3605} = {8A7F7F07-07C9-3936-9674-7FF14ADE3605}
		{F5E6FE5D-688F-318F-9C48-5BD2C41FA6EC} = {F5E6FE5D-688F-318F-9C48-5BD2C41FA6EC}
		{B2EECB7D-AD4A-36CD-9DE9-01BDF54977DF} = {B2EECB7D-AD4A-36CD-9DE9-01BDF54977DF}
	EndProjectSection
EndProject
Project("{8BC9CEB8-8B4A-11D0-8D11-00A0C91BC942}") = "AR", "ARX\AR\AR.vcxproj", "{595B013F-D71F-32C6-9599-332AB55AB5EC}"
	ProjectSection(ProjectDependencies) = postProject
		{DCDFBAB4-67B3-33F1-B57C-F66914B332ED} = {DCDFBAB4-67B3-33F1-B57C-F66914B332ED}
	EndProjectSection
EndProject
Project("{8BC9CEB8-8B4A-11D0-8D11-00A0C91BC942}") = "AR2", "ARX\AR2\AR2.vcxproj", "{D4EDA230-D35D-37B6-8350-0E556F74BB41}"
	ProjectSection(ProjectDependencies) = postProject
		{DCDFBAB4-67B3-33F1-B57C-F66914B332ED} = {DCDFBAB4-67B3-33F1-B57C-F66914B332ED}
	EndProjectSection
EndProject
Project("{8BC9CEB8-8B4A-11D0-8D11-00A0C91BC942}") = "ARG", "ARX\ARG\ARG.vcxproj", "{A860797E-CB88-30D6-8910-67E505BEEA63}"
	ProjectSection(ProjectDependencies) = postProject
		{595B013F-D71F-32C6-9599-332AB55AB5EC} = {595B013F-D71F-32C6-9599-332AB55AB5EC}
		{E14CB821-684D-3331-BABA-684C0C7704CB} = {E14CB821-684D-3331-BABA-684C0C7704CB}
		{DCDFBAB4-67B3-33F1-B57C-F66914B332ED} = {DCDFBAB4-67B3-33F1-B57C-F66914B332ED}
	EndProjectSection
EndProject
Project("{8BC9CEB8-8B4A-11D0-8D11-00A0C91BC942}") = "ARUtil", "ARX\ARUtil\ARUtil.vcxproj", "{E14CB821-684D-3331-BABA-684C0C7704CB}"
	ProjectSection(ProjectDependencies) = postProject
		{DCDFBAB4-67B3-33F1-B57C-F66914B332ED} = {DCDFBAB4-67B3-33F1-B57C-F66914B332ED}
	EndProjectSection
EndProject
Project("{8BC9CEB8-8B4A-11D0-8D11-00A0C91BC942}") = "ARVideo", "ARX\ARVideo\ARVideo.vcxproj", "{7711D6EA-9491-3F15-9DD2-B0625343F417}"
	ProjectSection(ProjectDependencies) = postProject
		{595B013F-D71F-32C6-9599-332AB55AB5EC} = {595B013F-D71F-32C6-9599-332AB55AB5EC}
		{E14CB821-684D-3331-BABA-684C0C7704CB} = {E14CB821-684D-3331-BABA-684C0C7704CB}
		{DCDFBAB4-67B3-33F1-B57C-F66914B332ED} = {DCDFBAB4-67B3-33F1-B57C-F66914B332ED}
	EndProjectSection
EndProject
Project("{8BC9CEB8-8B4A-11D0-8D11-00A0C91BC942}") = "ARX", "ARX\ARX.vcxproj", "{7A2C5C39-584C-3A53-BC96-0C310D69E6BD}"
	ProjectSection(ProjectDependencies) = postProject
		{595B013F-D71F-32C6-9599-332AB55AB5EC} = {595B013F-D71F-32C6-9599-332AB55AB5EC}
		{D4EDA230-D35D-37B6-8350-0E556F74BB41} = {D4EDA230-D35D-37B6-8350-0E556F74BB41}
		{A860797E-CB88-30D6-8910-67E505BEEA63} = {A860797E-CB88-30D6-8910-67E505BEEA63}
		{E14CB821-684D-3331-BABA-684C0C7704CB} = {E14CB821-684D-3331-BABA-684C0C7704CB}
		{7711D6EA-9491-3F15-9DD2-B0625343F417} = {7711D6EA-9491-3F15-9DD2-B0625343F417}
		{EC5E30EA-E308-3AE1-B3C7-966674755B61} = {EC5E30EA-E308-3AE1-B3C7-966674755B61}
		{B5FCC40D-9D85-3B82-933B-1D6D3288B30D} = {B5FCC40D-9D85-3B82-933B-1D6D3288B30D}
		{DCDFBAB4-67B3-33F1-B57C-F66914B332ED} = {DCDFBAB4-67B3-33F1-B57C-F66914B332ED}
	EndProjectSection
EndProject
Project("{8BC9CEB8-8B4A-11D0-8D11-00A0C91BC942}") = "Eden", "depends\common\src\Eden\Eden.vcxproj", "{1EFDBD3F-E813-3F28-8566-399BD13FFD64}"
	ProjectSection(ProjectDependencies) = postProject
		{DCDFBAB4-67B3-33F1-B57C-F66914B332ED} = {DCDFBAB4-67B3-33F1-B57C-F66914B332ED}
	EndProjectSection
EndProject
Project("{8BC9CEB8-8B4A-11D0-8D11-00A0C91BC942}") = "INSTALL", "INSTALL.vcxproj", "{D8F59975-4BAC-3FE5-9E6D-52196DCC66DF}"
	ProjectSection(ProjectDependencies) = postProject
		{EA96320A-30C4-384D-BA3F-D23B5390593A} = {EA96320A-30C4-384D-BA3F-D23B5390593A}
		{DCDFBAB4-67B3-33F1-B57C-F66914B332ED} = {DCDFBAB4-67B3-33F1-B57C-F66914B332ED}
	EndProjectSection
EndProject
Project("{8BC9CEB8-8B4A-11D0-8D11-00A0C91BC942}") = "KPM", "ARX\KPM\KPM.vcxproj", "{EC5E30EA-E308-3AE1-B3C7-966674755B61}"
	ProjectSection(ProjectDependencies) = postProject
		{DCDFBAB4-67B3-33F1-B57C-F66914B332ED} = {DCDFBAB4-67B3-33F1-B57C-F66914B332ED}
	EndProjectSection
EndProject
Project("{8BC9CEB8-8B4A-11D0-8D11-00A0C91BC942}") = "OCVT", "ARX\OCVT\OCVT.vcxproj", "{B5FCC40D-9D85-3B82-933B-1D6D3288B30D}"
	ProjectSection(ProjectDependencies) = postProject
		{DCDFBAB4-67B3-33F1-B57C-F66914B332ED} = {DCDFBAB4-67B3-33F1-B57C-F66914B332ED}
	EndProjectSection
EndProject
Project("{8BC9CEB8-8B4A-11D0-8D11-00A0C91BC942}") = "ZERO_CHECK", "ZERO_CHECK.vcxproj", "{DCDFBAB4-67B3-33F1-B57C-F66914B332ED}"
	ProjectSection(ProjectDependencies) = postProject
	EndProjectSection
EndProject
Project("{8BC9CEB8-8B4A-11D0-8D11-00A0C91BC942}") = "artoolkitx_checkResolution", "Utilities\checkResolution\artoolkitx_checkResolution.vcxproj", "{43A28345-9946-35C6-B8B9-492A77569CBF}"
	ProjectSection(ProjectDependencies) = postProject
		{595B013F-D71F-32C6-9599-332AB55AB5EC} = {595B013F-D71F-32C6-9599-332AB55AB5EC}
		{D4EDA230-D35D-37B6-8350-0E556F74BB41} = {D4EDA230-D35D-37B6-8350-0E556F74BB41}
		{E14CB821-684D-3331-BABA-684C0C7704CB} = {E14CB821-684D-3331-BABA-684C0C7704CB}
		{7A2C5C39-584C-3A53-BC96-0C310D69E6BD} = {7A2C5C39-584C-3A53-BC96-0C310D69E6BD}
		{DCDFBAB4-67B3-33F1-B57C-F66914B332ED} = {DCDFBAB4-67B3-33F1-B57C-F66914B332ED}
	EndProjectSection
EndProject
Project("{8BC9CEB8-8B4A-11D0-8D11-00A0C91BC942}") = "artoolkitx_check_id", "Utilities\check_id\artoolkitx_check_id.vcxproj", "{E38E63E0-56D5-3A4A-B33A-9AC2A198A65A}"
	ProjectSection(ProjectDependencies) = postProject
		{595B013F-D71F-32C6-9599-332AB55AB5EC} = {595B013F-D71F-32C6-9599-332AB55AB5EC}
		{D4EDA230-D35D-37B6-8350-0E556F74BB41} = {D4EDA230-D35D-37B6-8350-0E556F74BB41}
		{A860797E-CB88-30D6-8910-67E505BEEA63} = {A860797E-CB88-30D6-8910-67E505BEEA63}
		{E14CB821-684D-3331-BABA-684C0C7704CB} = {E14CB821-684D-3331-BABA-684C0C7704CB}
		{7711D6EA-9491-3F15-9DD2-B0625343F417} = {7711D6EA-9491-3F15-9DD2-B0625343F417}
		{7A2C5C39-584C-3A53-BC96-0C310D69E6BD} = {7A2C5C39-584C-3A53-BC96-0C310D69E6BD}
		{1EFDBD3F-E813-3F28-8566-399BD13FFD64} = {1EFDBD3F-E813-3F28-8566-399BD13FFD64}
		{DCDFBAB4-67B3-33F1-B57C-F66914B332ED} = {DCDFBAB4-67B3-33F1-B57C-F66914B332ED}
	EndProjectSection
EndProject
Project("{8BC9CEB8-8B4A-11D0-8D11-00A0C91BC942}") = "artoolkitx_dispTexData", "Utilities\dispTexData\artoolkitx_dispTexData.vcxproj", "{AF1D9FB2-6013-3F93-A522-B98E36E2F582}"
	ProjectSection(ProjectDependencies) = postProject
		{7A2C5C39-584C-3A53-BC96-0C310D69E6BD} = {7A2C5C39-584C-3A53-BC96-0C310D69E6BD}
		{1EFDBD3F-E813-3F28-8566-399BD13FFD64} = {1EFDBD3F-E813-3F28-8566-399BD13FFD64}
		{DCDFBAB4-67B3-33F1-B57C-F66914B332ED} = {DCDFBAB4-67B3-33F1-B57C-F66914B332ED}
	EndProjectSection
EndProject
Project("{8BC9CEB8-8B4A-11D0-8D11-00A0C91BC942}") = "artoolkitx_genMarkerSet", "Utilities\genMarkerSet\artoolkitx_genMarkerSet.vcxproj", "{9678F041-4FB0-3E36-9169-106ABA390395}"
	ProjectSection(ProjectDependencies) = postProject
		{595B013F-D71F-32C6-9599-332AB55AB5EC} = {595B013F-D71F-32C6-9599-332AB55AB5EC}
		{D4EDA230-D35D-37B6-8350-0E556F74BB41} = {D4EDA230-D35D-37B6-8350-0E556F74BB41}
		{A860797E-CB88-30D6-8910-67E505BEEA63} = {A860797E-CB88-30D6-8910-67E505BEEA63}
		{E14CB821-684D-3331-BABA-684C0C7704CB} = {E14CB821-684D-3331-BABA-684C0C7704CB}
		{7711D6EA-9491-3F15-9DD2-B0625343F417} = {7711D6EA-9491-3F15-9DD2-B0625343F417}
		{7A2C5C39-584C-3A53-BC96-0C310D69E6BD} = {7A2C5C39-584C-3A53-BC96-0C310D69E6BD}
		{1EFDBD3F-E813-3F28-8566-399BD13FFD64} = {1EFDBD3F-E813-3F28-8566-399BD13FFD64}
		{DCDFBAB4-67B3-33F1-B57C-F66914B332ED} = {DCDFBAB4-67B3-33F1-B57C-F66914B332ED}
	EndProjectSection
EndProject
Project("{8BC9CEB8-8B4A-11D0-8D11-00A0C91BC942}") = "artoolkitx_genTexData", "Utilities\genTexData\artoolkitx_genTexData.vcxproj", "{8A7F7F07-07C9-3936-9674-7FF14ADE3605}"
	ProjectSection(ProjectDependencies) = postProject
		{595B013F-D71F-32C6-9599-332AB55AB5EC} = {595B013F-D71F-32C6-9599-332AB55AB5EC}
		{D4EDA230-D35D-37B6-8350-0E556F74BB41} = {D4EDA230-D35D-37B6-8350-0E556F74BB41}
		{E14CB821-684D-3331-BABA-684C0C7704CB} = {E14CB821-684D-3331-BABA-684C0C7704CB}
		{7A2C5C39-584C-3A53-BC96-0C310D69E6BD} = {7A2C5C39-584C-3A53-BC96-0C310D69E6BD}
		{EC5E30EA-E308-3AE1-B3C7-966674755B61} = {EC5E30EA-E308-3AE1-B3C7-966674755B61}
		{DCDFBAB4-67B3-33F1-B57C-F66914B332ED} = {DCDFBAB4-67B3-33F1-B57C-F66914B332ED}
	EndProjectSection
EndProject
Project("{8BC9CEB8-8B4A-11D0-8D11-00A0C91BC942}") = "artoolkitx_image_database2d", "Utilities\image_database_2d\artoolkitx_image_database2d.vcxproj", "{F5E6FE5D-688F-318F-9C48-5BD2C41FA6EC}"
	ProjectSection(ProjectDependencies) = postProject
		{595B013F-D71F-32C6-9599-332AB55AB5EC} = {595B013F-D71F-32C6-9599-332AB55AB5EC}
		{E14CB821-684D-3331-BABA-684C0C7704CB} = {E14CB821-684D-3331-BABA-684C0C7704CB}
		{7A2C5C39-584C-3A53-BC96-0C310D69E6BD} = {7A2C5C39-584C-3A53-BC96-0C310D69E6BD}
		{DCDFBAB4-67B3-33F1-B57C-F66914B332ED} = {DCDFBAB4-67B3-33F1-B57C-F66914B332ED}
	EndProjectSection
EndProject
Project("{8BC9CEB8-8B4A-11D0-8D11-00A0C91BC942}") = "artoolkitx_mk_patt", "Utilities\mk_patt\artoolkitx_mk_patt.vcxproj", "{B2EECB7D-AD4A-36CD-9DE9-01BDF54977DF}"
	ProjectSection(ProjectDependencies) = postProject
		{595B013F-D71F-32C6-9599-332AB55AB5EC} = {595B013F-D71F-32C6-9599-332AB55AB5EC}
		{A860797E-CB88-30D6-8910-67E505BEEA63} = {A860797E-CB88-30D6-8910-67E505BEEA63}
		{E14CB821-684D-3331-BABA-684C0C7704CB} = {E14CB821-684D-3331-BABA-684C0C7704CB}
		{7711D6EA-9491-3F15-9DD2-B0625343F417} = {7711D6EA-9491-3F15-9DD2-B0625343F417}
		{7A2C5C39-584C-3A53-BC96-0C310D69E6BD} = {7A2C5C39-584C-3A53-BC96-0C310D69E6BD}
		{1EFDBD3F-E813-3F28-8566-399BD13FFD64} = {1EFDBD3F-E813-3F28-8566-399BD13FFD64}
		{DCDFBAB4-67B3-33F1-B57C-F66914B332ED} = {DCDFBAB4-67B3-33F1-B57C-F66914B332ED}
	EndProjectSection
EndProject
Global
	GlobalSection(SolutionConfigurationPlatforms) = preSolution
		Debug|x64 = Debug|x64
		Release|x64 = Release|x64
	EndGlobalSection
	GlobalSection(ProjectConfigurationPlatforms) = postSolution
		{EA96320A-30C4-384D-BA3F-D23B5390593A}.Debug|x64.ActiveCfg = Debug|x64
		{EA96320A-30C4-384D-BA3F-D23B5390593A}.Debug|x64.Build.0 = Debug|x64
		{EA96320A-30C4-384D-BA3F-D23B5390593A}.Release|x64.ActiveCfg = Release|x64
		{EA96320A-30C4-384D-BA3F-D23B5390593A}.Release|x64.Build.0 = Release|x64
		{595B013F-D71F-32C6-9599-332AB55AB5EC}.Debug|x64.ActiveCfg = Debug|x64
		{595B013F-D71F-32C6-9599-332AB55AB5EC}.Debug|x64.Build.0 = Debug|x64
		{595B013F-D71F-32C6-9599-332AB55AB5EC}.Release|x64.ActiveCfg = Release|x64
		{595B013F-D71F-32C6-9599-332AB55AB5EC}.Release|x64.Build.0 = Release|x64
		{D4EDA230-D35D-37B6-8350-0E556F74BB41}.Debug|x64.ActiveCfg = Debug|x64
		{D4EDA230-D35D-37B6-8350-0E556F74BB41}.Debug|x64.Build.0 = Debug|x64
		{D4EDA230-D35D-37B6-8350-0E556F74BB41}.Release|x64.ActiveCfg = Release|x64
		{D4EDA230-D35D-37B6-8350-0E556F74BB41}.Release|x64.Build.0 = Release|x64
		{A860797E-CB88-30D6-8910-67E505BEEA63}.Debug|x64.ActiveCfg = Debug|x64
		{A860797E-CB88-30D6-8910-67E505BEEA63}.Debug|x64.Build.0 = Debug|x64
		{A860797E-CB88-30D6-8910-67E505BEEA63}.Release|x64.ActiveCfg = Release|x64
		{A860797E-CB88-30D6-8910-67E505BEEA63}.Release|x64.Build.0 = Release|x64
		{E14CB821-684D-3331-BABA-684C0C7704CB}.Debug|x64.ActiveCfg = Debug|x64
		{E14CB821-684D-3331-BABA-684C0C7704CB}.Debug|x64.Build.0 = Debug|x64
		{E14CB821-684D-3331-BABA-684C0C7704CB}.Release|x64.ActiveCfg = Release|x64
		{E14CB821-684D-3331-BABA-684C0C7704CB}.Release|x64.Build.0 = Release|x64
		{7711D6EA-9491-3F15-9DD2-B0625343F417}.Debug|x64.ActiveCfg = Debug|x64
		{7711D6EA-9491-3F15-9DD2-B0625343F417}.Debug|x64.Build.0 = Debug|x64
		{7711D6EA-9491-3F15-9DD2-B0625343F417}.Release|x64.ActiveCfg = Release|x64
		{7711D6EA-9491-3F15-9DD2-B0625343F417}.Release|x64.Build.0 = Release|x64
		{7A2C5C39-584C-3A53-BC96-0C310D69E6BD}.Debug|x64.ActiveCfg = Debug|x64
		{7A2C5C39-584C-3A53-BC96-0C310D69E6BD}.Debug|x64.Build.0 = Debug|x64
		{7A2C5C39-584C-3A53-BC96-0C310D69E6BD}.Release|x64.ActiveCfg = Release|x64
		{7A2C5C39-584C-3A53-BC96-0C310D69E6BD}.Release|x64.Build.0 = Release|x64
		{1EFDBD3F-E813-3F28-8566-399BD13FFD64}.Debug|x64.ActiveCfg = Debug|x64
		{1EFDBD3F-E813-3F28-8566-399BD13FFD64}.Debug|x64.Build.0 = Debug|x64
		{1EFDBD3F-E813-3F28-8566-399BD13FFD64}.Release|x64.ActiveCfg = Release|x64
		{1EFDBD3F-E813-3F28-8566-399BD13FFD64}.Release|x64.Build.0 = Release|x64
		{D8F59975-4BAC-3FE5-9E6D-52196DCC66DF}.Debug|x64.ActiveCfg = Debug|x64
		{D8F59975-4BAC-3FE5-9E6D-52196DCC66DF}.Release|x64.ActiveCfg = Release|x64
		{EC5E30EA-E308-3AE1-B3C7-966674755B61}.Debug|x64.ActiveCfg = Debug|x64
		{EC5E30EA-E308-3AE1-B3C7-966674755B61}.Debug|x64.Build.0 = Debug|x64
		{EC5E30EA-E308-3AE1-B3C7-966674755B61}.Release|x64.ActiveCfg = Release|x64
		{EC5E30EA-E308-3AE1-B3C7-966674755B61}.Release|x64.Build.0 = Release|x64
		{B5FCC40D-9D85-3B82-933B-1D6D3288B30D}.Debug|x64.ActiveCfg = Debug|x64
		{B5FCC40D-9D85-3B82-933B-1D6D3288B30D}.Debug|x64.Build.0 = Debug|x64
		{B5FCC40D-9D85-3B82-933B-1D6D3288B30D}.Release|x64.ActiveCfg = Release|x64
		{B5FCC40D-9D85-3B82-933B-1D6D3288B30D}.Release|x64.Build.0 = Release|x64
		{DCDFBAB4-67B3-33F1-B57C-F66914B332ED}.Debug|x64.ActiveCfg = Debug|x64
		{DCDFBAB4-67B3-33F1-B57C-F66914B332ED}.Debug|x64.Build.0 = Debug|x64
		{DCDFBAB4-67B3-33F1-B57C-F66914B332ED}.Release|x64.ActiveCfg = Release|x64
		{DCDFBAB4-67B3-33F1-B57C-F66914B332ED}.Release|x64.Build.0 = Release|x64
		{43A28345-9946-35C6-B8B9-492A77569CBF}.Debug|x64.ActiveCfg = Debug|x64
		{43A28345-9946-35C6-B8B9-492A77569CBF}.Debug|x64.Build.0 = Debug|x64
		{43A28345-9946-35C6-B8B9-492A77569CBF}.Release|x64.ActiveCfg = Release|x64
		{43A28345-9946-35C6-B8B9-492A77569CBF}.Release|x64.Build.0 = Release|x64
		{E38E63E0-56D5-3A4A-B33A-9AC2A198A65A}.Debug|x64.ActiveCfg = Debug|x64
		{E38E63E0-56D5-3A4A-B33A-9AC2A198A65A}.Debug|x64.Build.0 = Debug|x64
		{E38E63E0-56D5-3A4A-B33A-9AC2A198A65A}.Release|x64.ActiveCfg = Release|x64
		{E38E63E0-56D5-3A4A-B33A-9AC2A198A65A}.Release|x64.Build.0 = Release|x64
		{AF1D9FB2-6013-3F93-A522-B98E36E2F582}.Debug|x64.ActiveCfg = Debug|x64
		{AF1D9FB2-6013-3F93-A522-B98E36E2F582}.Debug|x64.Build.0 = Debug|x64
		{AF1D9FB2-6013-3F93-A522-B98E36E2F582}.Release|x64.ActiveCfg = Release|x64
		{AF1D9FB2-6013-3F93-A522-B98E36E2F582}.Release|x64.Build.0 = Release|x64
		{9678F041-4FB0-3E36-9169-106ABA390395}.Debug|x64.ActiveCfg = Debug|x64
		{9678F041-4FB0-3E36-9169-106ABA390395}.Debug|x64.Build.0 = Debug|x64
		{9678F041-4FB0-3E36-9169-106ABA390395}.Release|x64.ActiveCfg = Release|x64
		{9678F041-4FB0-3E36-9169-106ABA390395}.Release|x64.Build.0 = Release|x64
		{8A7F7F07-07C9-3936-9674-7FF14ADE3605}.Debug|x64.ActiveCfg = Debug|x64
		{8A7F7F07-07C9-3936-9674-7FF14ADE3605}.Debug|x64.Build.0 = Debug|x64
		{8A7F7F07-07C9-3936-9674-7FF14ADE3605}.Release|x64.ActiveCfg = Release|x64
		{8A7F7F07-07C9-3936-9674-7FF14ADE3605}.Release|x64.Build.0 = Release|x64
		{F5E6FE5D-688F-318F-9C48-5BD2C41FA6EC}.Debug|x64.ActiveCfg = Debug|x64
		{F5E6FE5D-688F-318F-9C48-5BD2C41FA6EC}.Debug|x64.Build.0 = Debug|x64
		{F5E6FE5D-688F-318F-9C48-5BD2C41FA6EC}.Release|x64.ActiveCfg = Release|x64
		{F5E6FE5D-688F-318F-9C48-5BD2C41FA6EC}.Release|x64.Build.0 = Release|x64
		{B2EECB7D-AD4A-36CD-9DE9-01BDF54977DF}.Debug|x64.ActiveCfg = Debug|x64
		{B2EECB7D-AD4A-36CD-9DE9-01BDF54977DF}.Debug|x64.Build.0 = Debug|x64
		{B2EECB7D-AD4A-36CD-9DE9-01BDF54977DF}.Release|x64.ActiveCfg = Release|x64
		{B2EECB7D-AD4A-36CD-9DE9-01BDF54977DF}.Release|x64.Build.0 = Release|x64
	EndGlobalSection
	GlobalSection(ExtensibilityGlobals) = postSolution
		SolutionGuid = {D90E80E1-CC23-3D44-8EF2-1EE5CDF6B7B9}
	EndGlobalSection
	GlobalSection(ExtensibilityAddIns) = postSolution
	EndGlobalSection
EndGlobal
