<?xml version="1.0" encoding="utf-8"?>
<Project ToolsVersion="15.0" xmlns="http://schemas.microsoft.com/developer/msbuild/2003">
  <ItemGroup>
    <ClCompile Include="C:\GitRepository\ARToolKitX\Source\ARX\ARX_c.cpp">
      <Filter>Source Files</Filter>
    </ClCompile>
    <ClCompile Include="C:\GitRepository\ARToolKitX\Source\ARX\ARController.cpp">
      <Filter>Source Files</Filter>
    </ClCompile>
    <ClCompile Include="C:\GitRepository\ARToolKitX\Source\ARX\ARTrackable.cpp">
      <Filter>Source Files</Filter>
    </ClCompile>
    <ClCompile Include="C:\GitRepository\ARToolKitX\Source\ARX\ARPattern.cpp">
      <Filter>Source Files</Filter>
    </ClCompile>
    <ClCompile Include="C:\GitRepository\ARToolKitX\Source\ARX\ARTrackableMultiSquareAuto.cpp">
      <Filter>Source Files</Filter>
    </ClCompile>
    <ClCompile Include="C:\GitRepository\ARToolKitX\Source\ARX\ARTrackableMultiSquare.cpp">
      <Filter>Source Files</Filter>
    </ClCompile>
    <ClCompile Include="C:\GitRepository\ARToolKitX\Source\ARX\ARTrackableNFT.cpp">
      <Filter>Source Files</Filter>
    </ClCompile>
    <ClCompile Include="C:\GitRepository\ARToolKitX\Source\ARX\ARTrackable2d.cpp">
      <Filter>Source Files</Filter>
    </ClCompile>
    <ClCompile Include="C:\GitRepository\ARToolKitX\Source\ARX\ARTrackableSquare.cpp">
      <Filter>Source Files</Filter>
    </ClCompile>
    <ClCompile Include="C:\GitRepository\ARToolKitX\Source\ARX\ARTracker.cpp">
      <Filter>Source Files</Filter>
    </ClCompile>
    <ClCompile Include="C:\GitRepository\ARToolKitX\Source\ARX\ARTrackerNFT.cpp">
      <Filter>Source Files</Filter>
    </ClCompile>
    <ClCompile Include="C:\GitRepository\ARToolKitX\Source\ARX\ARTracker2d.cpp">
      <Filter>Source Files</Filter>
    </ClCompile>
    <ClCompile Include="C:\GitRepository\ARToolKitX\Source\ARX\ARTrackerSquare.cpp">
      <Filter>Source Files</Filter>
    </ClCompile>
    <ClCompile Include="C:\GitRepository\ARToolKitX\Source\ARX\ARVideoSource.cpp">
      <Filter>Source Files</Filter>
    </ClCompile>
    <ClCompile Include="C:\GitRepository\ARToolKitX\Source\ARX\ARVideoView.cpp">
      <Filter>Source Files</Filter>
    </ClCompile>
    <ClCompile Include="C:\GitRepository\ARToolKitX\Source\ARX\trackingSub.c">
      <Filter>Source Files</Filter>
    </ClCompile>
    <ClCompile Include="C:\GitRepository\ARToolKitX\Source\ARX\mapper.cpp">
      <Filter>Source Files</Filter>
    </ClCompile>
    <ClCompile Include="..\..\ARX\calc.cpp">
      <Filter>Source Files</Filter>
    </ClCompile>
    <ClCompile Include="..\..\ARX\Calibration.cpp">
      <Filter>Source Files</Filter>
    </ClCompile>
  </ItemGroup>
  <ItemGroup>
    <ClInclude Include="C:\GitRepository\ARToolKitX\Source\ARX\include\ARX\ARX_c.h">
      <Filter>Header Files</Filter>
    </ClInclude>
    <ClInclude Include="C:\GitRepository\ARToolKitX\Source\ARX\include\ARX\ARController.h">
      <Filter>Header Files</Filter>
    </ClInclude>
    <ClInclude Include="C:\GitRepository\ARToolKitX\Source\ARX\include\ARX\ARTrackable.h">
      <Filter>Header Files</Filter>
    </ClInclude>
    <ClInclude Include="C:\GitRepository\ARToolKitX\Source\ARX\include\ARX\ARPattern.h">
      <Filter>Header Files</Filter>
    </ClInclude>
    <ClInclude Include="C:\GitRepository\ARToolKitX\Source\ARX\include\ARX\ARTrackableMultiSquareAuto.h">
      <Filter>Header Files</Filter>
    </ClInclude>
    <ClInclude Include="C:\GitRepository\ARToolKitX\Source\ARX\include\ARX\ARTrackableMultiSquare.h">
      <Filter>Header Files</Filter>
    </ClInclude>
    <ClInclude Include="C:\GitRepository\ARToolKitX\Source\ARX\include\ARX\ARTrackableNFT.h">
      <Filter>Header Files</Filter>
    </ClInclude>
    <ClInclude Include="C:\GitRepository\ARToolKitX\Source\ARX\include\ARX\ARTrackable2d.h">
      <Filter>Header Files</Filter>
    </ClInclude>
    <ClInclude Include="C:\GitRepository\ARToolKitX\Source\ARX\include\ARX\ARTrackableSquare.h">
      <Filter>Header Files</Filter>
    </ClInclude>
    <ClInclude Include="C:\GitRepository\ARToolKitX\Source\ARX\include\ARX\ARTracker.h">
      <Filter>Header Files</Filter>
    </ClInclude>
    <ClInclude Include="C:\GitRepository\ARToolKitX\Source\ARX\include\ARX\ARTrackerVideo.h">
      <Filter>Header Files</Filter>
    </ClInclude>
    <ClInclude Include="C:\GitRepository\ARToolKitX\Source\ARX\include\ARX\ARTrackerNFT.h">
      <Filter>Header Files</Filter>
    </ClInclude>
    <ClInclude Include="C:\GitRepository\ARToolKitX\Source\ARX\include\ARX\ARTracker2d.h">
      <Filter>Header Files</Filter>
    </ClInclude>
    <ClInclude Include="C:\GitRepository\ARToolKitX\Source\ARX\include\ARX\ARTrackerSquare.h">
      <Filter>Header Files</Filter>
    </ClInclude>
    <ClInclude Include="C:\GitRepository\ARToolKitX\Source\ARX\include\ARX\Error.h">
      <Filter>Header Files</Filter>
    </ClInclude>
    <ClInclude Include="C:\GitRepository\ARToolKitX\Source\ARX\include\ARX\Platform.h">
      <Filter>Header Files</Filter>
    </ClInclude>
    <ClInclude Include="C:\GitRepository\ARToolKitX\Source\ARX\include\ARX\ARVideoSource.h">
      <Filter>Header Files</Filter>
    </ClInclude>
    <ClInclude Include="C:\GitRepository\ARToolKitX\Source\ARX\include\ARX\ARVideoView.h">
      <Filter>Header Files</Filter>
    </ClInclude>
    <ClInclude Include="C:\GitRepository\ARToolKitX\Source\ARX\trackingSub.h">
      <Filter>Header Files</Filter>
    </ClInclude>
    <ClInclude Include="C:\GitRepository\ARToolKitX\Source\ARX\mapper.hpp">
      <Filter>Header Files</Filter>
    </ClInclude>
    <ClInclude Include="..\..\ARX\include\ARX\calc.hpp">
      <Filter>Header Files</Filter>
    </ClInclude>
    <ClInclude Include="..\..\ARX\include\ARX\Calibration.hpp">
      <Filter>Header Files</Filter>
    </ClInclude>
  </ItemGroup>
  <ItemGroup>
    <CustomBuild Include="C:\GitRepository\ARToolKitX\Source\ARX\CMakeLists.txt" />
  </ItemGroup>
  <ItemGroup>
    <Filter Include="Header Files">
      <UniqueIdentifier>{8CC99DD6-CA90-3735-8048-3264C2738BFE}</UniqueIdentifier>
    </Filter>
    <Filter Include="Source Files">
      <UniqueIdentifier>{54BFDDAD-6E81-3654-BB53-145A063123BD}</UniqueIdentifier>
    </Filter>
  </ItemGroup>
</Project>