<?xml version="1.0" encoding="utf-8"?>
<Project ToolsVersion="15.0" xmlns="http://schemas.microsoft.com/developer/msbuild/2003">
  <ItemGroup>
    <CustomBuild Include="C:\GitRepository\ARToolKitX\Source\build-windows\CMakeFiles\51a4d08a36c128f0a19f98650149e4c8\INSTALL_force.rule">
      <Filter>CMake Rules</Filter>
    </CustomBuild>
  </ItemGroup>
  <ItemGroup>
    <Filter Include="CMake Rules">
      <UniqueIdentifier>{AFFE1C1D-A8CE-39AA-911F-F01374AC9291}</UniqueIdentifier>
    </Filter>
  </ItemGroup>
</Project>
